// !$*UTF8*$!
{
	archiveVersion = 1;
	classes = {
	};
	objectVersion = 56;
	objects = {

/* Begin PBXBuildFile section */
		D711F50C2B7CC134008525C6 /* AppDelegate.swift in Sources */ = {isa = PBXBuildFile; fileRef = D711F50B2B7CC134008525C6 /* AppDelegate.swift */; };
		D711F50E2B7CC134008525C6 /* SceneDelegate.swift in Sources */ = {isa = PBXBuildFile; fileRef = D711F50D2B7CC134008525C6 /* SceneDelegate.swift */; };
		D711F5102B7CC134008525C6 /* ViewController.swift in Sources */ = {isa = PBXBuildFile; fileRef = D711F50F2B7CC134008525C6 /* ViewController.swift */; };
		D711F5132B7CC134008525C6 /* Main.storyboard in Resources */ = {isa = PBXBuildFile; fileRef = D711F5112B7CC134008525C6 /* Main.storyboard */; };
		D711F5152B7CC136008525C6 /* Assets.xcassets in Resources */ = {isa = PBXBuildFile; fileRef = D711F5142B7CC136008525C6 /* Assets.xcassets */; };
		D711F5182B7CC136008525C6 /* LaunchScreen.storyboard in Resources */ = {isa = PBXBuildFile; fileRef = D711F5162B7CC136008525C6 /* LaunchScreen.storyboard */; };
		D711F5242B7CCFB4008525C6 /* LocationModel.swift in Sources */ = {isa = PBXBuildFile; fileRef = D711F5232B7CCFB4008525C6 /* LocationModel.swift */; };
		D711F5262B7CCFE0008525C6 /* LocationListViewModel.swift in Sources */ = {isa = PBXBuildFile; fileRef = D711F5252B7CCFE0008525C6 /* LocationListViewModel.swift */; };
		D711F5282B7CD3F5008525C6 /* CardMapCollectionViewCell.swift in Sources */ = {isa = PBXBuildFile; fileRef = D711F5272B7CD3F5008525C6 /* CardMapCollectionViewCell.swift */; };
/* End PBXBuildFile section */

/* Begin PBXFileReference section */
		D711F5082B7CC134008525C6 /* SampleMapApp.app */ = {isa = PBXFileReference; explicitFileType = wrapper.application; includeInIndex = 0; path = SampleMapApp.app; sourceTree = BUILT_PRODUCTS_DIR; };
		D711F50B2B7CC134008525C6 /* AppDelegate.swift */ = {isa = PBXFileReference; lastKnownFileType = sourcecode.swift; path = AppDelegate.swift; sourceTree = "<group>"; };
		D711F50D2B7CC134008525C6 /* SceneDelegate.swift */ = {isa = PBXFileReference; lastKnownFileType = sourcecode.swift; path = SceneDelegate.swift; sourceTree = "<group>"; };
		D711F50F2B7CC134008525C6 /* ViewController.swift */ = {isa = PBXFileReference; lastKnownFileType = sourcecode.swift; path = ViewController.swift; sourceTree = "<group>"; };
		D711F5122B7CC134008525C6 /* Base */ = {isa = PBXFileReference; lastKnownFileType = file.storyboard; name = Base; path = Base.lproj/Main.storyboard; sourceTree = "<group>"; };
		D711F5142B7CC136008525C6 /* Assets.xcassets */ = {isa = PBXFileReference; lastKnownFileType = folder.assetcatalog; path = Assets.xcassets; sourceTree = "<group>"; };
		D711F5172B7CC136008525C6 /* Base */ = {isa = PBXFileReference; lastKnownFileType = file.storyboard; name = Base; path = Base.lproj/LaunchScreen.storyboard; sourceTree = "<group>"; };
		D711F5192B7CC136008525C6 /* Info.plist */ = {isa = PBXFileReference; lastKnownFileType = text.plist.xml; path = Info.plist; sourceTree = "<group>"; };
		D711F5232B7CCFB4008525C6 /* LocationModel.swift */ = {isa = PBXFileReference; lastKnownFileType = sourcecode.swift; path = LocationModel.swift; sourceTree = "<group>"; };
		D711F5252B7CCFE0008525C6 /* LocationListViewModel.swift */ = {isa = PBXFileReference; lastKnownFileType = sourcecode.swift; path = LocationListViewModel.swift; sourceTree = "<group>"; };
		D711F5272B7CD3F5008525C6 /* CardMapCollectionViewCell.swift */ = {isa = PBXFileReference; lastKnownFileType = sourcecode.swift; path = CardMapCollectionViewCell.swift; sourceTree = "<group>"; };
/* End PBXFileReference section */

/* Begin PBXFrameworksBuildPhase section */
		D711F5052B7CC134008525C6 /* Frameworks */ = {
			isa = PBXFrameworksBuildPhase;
			buildActionMask = 2147483647;
			files = (
			);
			runOnlyForDeploymentPostprocessing = 0;
		};
/* End PBXFrameworksBuildPhase section */

/* Begin PBXGroup section */
		D711F4FF2B7CC134008525C6 = {
			isa = PBXGroup;
			children = (
				D711F50A2B7CC134008525C6 /* SampleMapApp */,
				D711F5092B7CC134008525C6 /* Products */,
			);
			sourceTree = "<group>";
		};
		D711F5092B7CC134008525C6 /* Products */ = {
			isa = PBXGroup;
			children = (
				D711F5082B7CC134008525C6 /* SampleMapApp.app */,
			);
			name = Products;
			sourceTree = "<group>";
		};
		D711F50A2B7CC134008525C6 /* SampleMapApp */ = {
			isa = PBXGroup;
			children = (
				D72CCFD02B7DF31C000CE85C /* Cell */,
				D711F5222B7CCFA3008525C6 /* ViewModel */,
				D711F5212B7CCF99008525C6 /* Model */,
				D711F50B2B7CC134008525C6 /* AppDelegate.swift */,
				D711F50D2B7CC134008525C6 /* SceneDelegate.swift */,
				D711F50F2B7CC134008525C6 /* ViewController.swift */,
				D711F5112B7CC134008525C6 /* Main.storyboard */,
				D711F5142B7CC136008525C6 /* Assets.xcassets */,
				D711F5162B7CC136008525C6 /* LaunchScreen.storyboard */,
				D711F5192B7CC136008525C6 /* Info.plist */,
			);
			path = SampleMapApp;
			sourceTree = "<group>";
		};
		D711F5212B7CCF99008525C6 /* Model */ = {
			isa = PBXGroup;
			children = (
				D711F5232B7CCFB4008525C6 /* LocationModel.swift */,
			);
			path = Model;
			sourceTree = "<group>";
		};
		D711F5222B7CCFA3008525C6 /* ViewModel */ = {
			isa = PBXGroup;
			children = (
				D711F5252B7CCFE0008525C6 /* LocationListViewModel.swift */,
			);
			path = ViewModel;
			sourceTree = "<group>";
		};
		D72CCFD02B7DF31C000CE85C /* Cell */ = {
			isa = PBXGroup;
			children = (
				D711F5272B7CD3F5008525C6 /* CardMapCollectionViewCell.swift */,
			);
			path = Cell;
			sourceTree = "<group>";
		};
/* End PBXGroup section */

/* Begin PBXNativeTarget section */
		D711F5072B7CC134008525C6 /* SampleMapApp */ = {
			isa = PBXNativeTarget;
			buildConfigurationList = D711F51C2B7CC136008525C6 /* Build configuration list for PBXNativeTarget "SampleMapApp" */;
			buildPhases = (
				D711F5042B7CC134008525C6 /* Sources */,
				D711F5052B7CC134008525C6 /* Frameworks */,
				D711F5062B7CC134008525C6 /* Resources */,
			);
			buildRules = (
			);
			dependencies = (
			);
			name = SampleMapApp;
			productName = SampleMapApp;
			productReference = D711F5082B7CC134008525C6 /* SampleMapApp.app */;
			productType = "com.apple.product-type.application";
		};
/* End PBXNativeTarget section */

/* Begin PBXProject section */
		D711F5002B7CC134008525C6 /* Project object */ = {
			isa = PBXProject;
			attributes = {
				BuildIndependentTargetsInParallel = 1;
				LastSwiftUpdateCheck = 1520;
				LastUpgradeCheck = 1520;
				TargetAttributes = {
					D711F5072B7CC134008525C6 = {
						CreatedOnToolsVersion = 15.2;
					};
				};
			};
			buildConfigurationList = D711F5032B7CC134008525C6 /* Build configuration list for PBXProject "SampleMapApp" */;
			compatibilityVersion = "Xcode 14.0";
			developmentRegion = en;
			hasScannedForEncodings = 0;
			knownRegions = (
				en,
				Base,
			);
			mainGroup = D711F4FF2B7CC134008525C6;
			productRefGroup = D711F5092B7CC134008525C6 /* Products */;
			projectDirPath = "";
			projectRoot = "";
			targets = (
				D711F5072B7CC134008525C6 /* SampleMapApp */,
			);
		};
/* End PBXProject section */

/* Begin PBXResourcesBuildPhase section */
		D711F5062B7CC134008525C6 /* Resources */ = {
			isa = PBXResourcesBuildPhase;
			buildActionMask = 2147483647;
			files = (
				D711F5182B7CC136008525C6 /* LaunchScreen.storyboard in Resources */,
				D711F5152B7CC136008525C6 /* Assets.xcassets in Resources */,
				D711F5132B7CC134008525C6 /* Main.storyboard in Resources */,
			);
			runOnlyForDeploymentPostprocessing = 0;
		};
/* End PBXResourcesBuildPhase section */

/* Begin PBXSourcesBuildPhase section */
		D711F5042B7CC134008525C6 /* Sources */ = {
			isa = PBXSourcesBuildPhase;
			buildActionMask = 2147483647;
			files = (
				D711F5262B7CCFE0008525C6 /* LocationListViewModel.swift in Sources */,
				D711F5282B7CD3F5008525C6 /* CardMapCollectionViewCell.swift in Sources */,
				D711F5102B7CC134008525C6 /* ViewController.swift in Sources */,
				D711F50C2B7CC134008525C6 /* AppDelegate.swift in Sources */,
				D711F5242B7CCFB4008525C6 /* LocationModel.swift in Sources */,
				D711F50E2B7CC134008525C6 /* SceneDelegate.swift in Sources */,
			);
			runOnlyForDeploymentPostprocessing = 0;
		};
/* End PBXSourcesBuildPhase section */

/* Begin PBXVariantGroup section */
		D711F5112B7CC134008525C6 /* Main.storyboard */ = {
			isa = PBXVariantGroup;
			children = (
				D711F5122B7CC134008525C6 /* Base */,
			);
			name = Main.storyboard;
			sourceTree = "<group>";
		};
		D711F5162B7CC136008525C6 /* LaunchScreen.storyboard */ = {
			isa = PBXVariantGroup;
			children = (
				D711F5172B7CC136008525C6 /* Base */,
			);
			name = LaunchScreen.storyboard;
			sourceTree = "<group>";
		};
/* End PBXVariantGroup section */

/* Begin XCBuildConfiguration section */
		D711F51A2B7CC136008525C6 /* Debug */ = {
			isa = XCBuildConfiguration;
			buildSettings = {
				ALWAYS_SEARCH_USER_PATHS = NO;
				ASSETCATALOG_COMPILER_GENERATE_SWIFT_ASSET_SYMBOL_EXTENSIONS = YES;
				CLANG_ANALYZER_NONNULL = YES;
				CLANG_ANALYZER_NUMBER_OBJECT_CONVERSION = YES_AGGRESSIVE;
				CLANG_CXX_LANGUAGE_STANDARD = "gnu++20";
				CLANG_ENABLE_MODULES = YES;
				CLANG_ENABLE_OBJC_ARC = YES;
				CLANG_ENABLE_OBJC_WEAK = YES;
				CLANG_WARN_BLOCK_CAPTURE_AUTORELEASING = YES;
				CLANG_WARN_BOOL_CONVERSION = YES;
				CLANG_WARN_COMMA = YES;
				CLANG_WARN_CONSTANT_CONVERSION = YES;
				CLANG_WARN_DEPRECATED_OBJC_IMPLEMENTATIONS = YES;
				CLANG_WARN_DIRECT_OBJC_ISA_USAGE = YES_ERROR;
				CLANG_WARN_DOCUMENTATION_COMMENTS = YES;
				CLANG_WARN_EMPTY_BODY = YES;
				CLANG_WARN_ENUM_CONVERSION = YES;
				CLANG_WARN_INFINITE_RECURSION = YES;
				CLANG_WARN_INT_CONVERSION = YES;
				CLANG_WARN_NON_LITERAL_NULL_CONVERSION = YES;
				CLANG_WARN_OBJC_IMPLICIT_RETAIN_SELF = YES;
				CLANG_WARN_OBJC_LITERAL_CONVERSION = YES;
				CLANG_WARN_OBJC_ROOT_CLASS = YES_ERROR;
				CLANG_WARN_QUOTED_INCLUDE_IN_FRAMEWORK_HEADER = YES;
				CLANG_WARN_RANGE_LOOP_ANALYSIS = YES;
				CLANG_WARN_STRICT_PROTOTYPES = YES;
				CLANG_WARN_SUSPICIOUS_MOVE = YES;
				CLANG_WARN_UNGUARDED_AVAILABILITY = YES_AGGRESSIVE;
				CLANG_WARN_UNREACHABLE_CODE = YES;
				CLANG_WARN__DUPLICATE_METHOD_MATCH = YES;
				COPY_PHASE_STRIP = NO;
				DEBUG_INFORMATION_FORMAT = dwarf;
				ENABLE_STRICT_OBJC_MSGSEND = YES;
				ENABLE_TESTABILITY = YES;
				ENABLE_USER_SCRIPT_SANDBOXING = YES;
				GCC_C_LANGUAGE_STANDARD = gnu17;
				GCC_DYNAMIC_NO_PIC = NO;
				GCC_NO_COMMON_BLOCKS = YES;
				GCC_OPTIMIZATION_LEVEL = 0;
				GCC_PREPROCESSOR_DEFINITIONS = (
					"DEBUG=1",
					"$(inherited)",
				);
				GCC_WARN_64_TO_32_BIT_CONVERSION = YES;
				GCC_WARN_ABOUT_RETURN_TYPE = YES_ERROR;
				GCC_WARN_UNDECLARED_SELECTOR = YES;
				GCC_WARN_UNINITIALIZED_AUTOS = YES_AGGRESSIVE;
				GCC_WARN_UNUSED_FUNCTION = YES;
				GCC_WARN_UNUSED_VARIABLE = YES;
				IPHONEOS_DEPLOYMENT_TARGET = 17.2;
				LOCALIZATION_PREFERS_STRING_CATALOGS = YES;
				MTL_ENABLE_DEBUG_INFO = INCLUDE_SOURCE;
				MTL_FAST_MATH = YES;
				ONLY_ACTIVE_ARCH = YES;
				SDKROOT = iphoneos;
				SWIFT_ACTIVE_COMPILATION_CONDITIONS = "DEBUG $(inherited)";
				SWIFT_OPTIMIZATION_LEVEL = "-Onone";
			};
			name = Debug;
		};
		D711F51B2B7CC136008525C6 /* Release */ = {
			isa = XCBuildConfiguration;
			buildSettings = {
				ALWAYS_SEARCH_USER_PATHS = NO;
				ASSETCATALOG_COMPILER_GENERATE_SWIFT_ASSET_SYMBOL_EXTENSIONS = YES;
				CLANG_ANALYZER_NONNULL = YES;
				CLANG_ANALYZER_NUMBER_OBJECT_CONVERSION = YES_AGGRESSIVE;
				CLANG_CXX_LANGUAGE_STANDARD = "gnu++20";
				CLANG_ENABLE_MODULES = YES;
				CLANG_ENABLE_OBJC_ARC = YES;
				CLANG_ENABLE_OBJC_WEAK = YES;
				CLANG_WARN_BLOCK_CAPTURE_AUTORELEASING = YES;
				CLANG_WARN_BOOL_CONVERSION = YES;
				CLANG_WARN_COMMA = YES;
				CLANG_WARN_CONSTANT_CONVERSION = YES;
				CLANG_WARN_DEPRECATED_OBJC_IMPLEMENTATIONS = YES;
				CLANG_WARN_DIRECT_OBJC_ISA_USAGE = YES_ERROR;
				CLANG_WARN_DOCUMENTATION_COMMENTS = YES;
				CLANG_WARN_EMPTY_BODY = YES;
				CLANG_WARN_ENUM_CONVERSION = YES;
				CLANG_WARN_INFINITE_RECURSION = YES;
				CLANG_WARN_INT_CONVERSION = YES;
				CLANG_WARN_NON_LITERAL_NULL_CONVERSION = YES;
				CLANG_WARN_OBJC_IMPLICIT_RETAIN_SELF = YES;
				CLANG_WARN_OBJC_LITERAL_CONVERSION = YES;
				CLANG_WARN_OBJC_ROOT_CLASS = YES_ERROR;
				CLANG_WARN_QUOTED_INCLUDE_IN_FRAMEWORK_HEADER = YES;
				CLANG_WARN_RANGE_LOOP_ANALYSIS = YES;
				CLANG_WARN_STRICT_PROTOTYPES = YES;
				CLANG_WARN_SUSPICIOUS_MOVE = YES;
				CLANG_WARN_UNGUARDED_AVAILABILITY = YES_AGGRESSIVE;
				CLANG_WARN_UNREACHABLE_CODE = YES;
				CLANG_WARN__DUPLICATE_METHOD_MATCH = YES;
				COPY_PHASE_STRIP = NO;
				DEBUG_INFORMATION_FORMAT = "dwarf-with-dsym";
				ENABLE_NS_ASSERTIONS = NO;
				ENABLE_STRICT_OBJC_MSGSEND = YES;
				ENABLE_USER_SCRIPT_SANDBOXING = YES;
				GCC_C_LANGUAGE_STANDARD = gnu17;
				GCC_NO_COMMON_BLOCKS = YES;
				GCC_WARN_64_TO_32_BIT_CONVERSION = YES;
				GCC_WARN_ABOUT_RETURN_TYPE = YES_ERROR;
				GCC_WARN_UNDECLARED_SELECTOR = YES;
				GCC_WARN_UNINITIALIZED_AUTOS = YES_AGGRESSIVE;
				GCC_WARN_UNUSED_FUNCTION = YES;
				GCC_WARN_UNUSED_VARIABLE = YES;
				IPHONEOS_DEPLOYMENT_TARGET = 17.2;
				LOCALIZATION_PREFERS_STRING_CATALOGS = YES;
				MTL_ENABLE_DEBUG_INFO = NO;
				MTL_FAST_MATH = YES;
				SDKROOT = iphoneos;
				SWIFT_COMPILATION_MODE = wholemodule;
				VALIDATE_PRODUCT = YES;
			};
			name = Release;
		};
		D711F51D2B7CC136008525C6 /* Debug */ = {
			isa = XCBuildConfiguration;
			buildSettings = {
				ASSETCATALOG_COMPILER_APPICON_NAME = AppIcon;
				ASSETCATALOG_COMPILER_GLOBAL_ACCENT_COLOR_NAME = AccentColor;
				CODE_SIGN_STYLE = Automatic;
				CURRENT_PROJECT_VERSION = 1;
				DEVELOPMENT_TEAM = NT3LDBRY3Z;
				GENERATE_INFOPLIST_FILE = YES;
				INFOPLIST_FILE = SampleMapApp/Info.plist;
				INFOPLIST_KEY_UIApplicationSupportsIndirectInputEvents = YES;
				INFOPLIST_KEY_UILaunchStoryboardName = LaunchScreen;
				INFOPLIST_KEY_UIMainStoryboardFile = Main;
				INFOPLIST_KEY_UISupportedInterfaceOrientations_iPad = "UIInterfaceOrientationPortrait UIInterfaceOrientationPortraitUpsideDown UIInterfaceOrientationLandscapeLeft UIInterfaceOrientationLandscapeRight";
				INFOPLIST_KEY_UISupportedInterfaceOrientations_iPhone = "UIInterfaceOrientationPortrait UIInterfaceOrientationLandscapeLeft UIInterfaceOrientationLandscapeRight";
				LD_RUNPATH_SEARCH_PATHS = (
					"$(inherited)",
					"@executable_path/Frameworks",
				);
				MARKETING_VERSION = 1.0;
				PRODUCT_BUNDLE_IDENTIFIER = "-2R4T.SampleMapApp";
				PRODUCT_NAME = "$(TARGET_NAME)";
				SWIFT_EMIT_LOC_STRINGS = YES;
				SWIFT_VERSION = 5.0;
				TARGETED_DEVICE_FAMILY = "1,2";
			};
			name = Debug;
		};
		D711F51E2B7CC136008525C6 /* Release */ = {
			isa = XCBuildConfiguration;
			buildSettings = {
				ASSETCATALOG_COMPILER_APPICON_NAME = AppIcon;
				ASSETCATALOG_COMPILER_GLOBAL_ACCENT_COLOR_NAME = AccentColor;
				CODE_SIGN_STYLE = Automatic;
				CURRENT_PROJECT_VERSION = 1;
				DEVELOPMENT_TEAM = NT3LDBRY3Z;
				GENERATE_INFOPLIST_FILE = YES;
				INFOPLIST_FILE = SampleMapApp/Info.plist;
				INFOPLIST_KEY_UIApplicationSupportsIndirectInputEvents = YES;
				INFOPLIST_KEY_UILaunchStoryboardName = LaunchScreen;
				INFOPLIST_KEY_UIMainStoryboardFile = Main;
				INFOPLIST_KEY_UISupportedInterfaceOrientations_iPad = "UIInterfaceOrientationPortrait UIInterfaceOrientationPortraitUpsideDown UIInterfaceOrientationLandscapeLeft UIInterfaceOrientationLandscapeRight";
				INFOPLIST_KEY_UISupportedInterfaceOrientations_iPhone = "UIInterfaceOrientationPortrait UIInterfaceOrientationLandscapeLeft UIInterfaceOrientationLandscapeRight";
				LD_RUNPATH_SEARCH_PATHS = (
					"$(inherited)",
					"@executable_path/Frameworks",
				);
				MARKETING_VERSION = 1.0;
				PRODUCT_BUNDLE_IDENTIFIER = "-2R4T.SampleMapApp";
				PRODUCT_NAME = "$(TARGET_NAME)";
				SWIFT_EMIT_LOC_STRINGS = YES;
				SWIFT_VERSION = 5.0;
				TARGETED_DEVICE_FAMILY = "1,2";
			};
			name = Release;
		};
/* End XCBuildConfiguration section */

/* Begin XCConfigurationList section */
		D711F5032B7CC134008525C6 /* Build configuration list for PBXProject "SampleMapApp" */ = {
			isa = XCConfigurationList;
			buildConfigurations = (
				D711F51A2B7CC136008525C6 /* Debug */,
				D711F51B2B7CC136008525C6 /* Release */,
			);
			defaultConfigurationIsVisible = 0;
			defaultConfigurationName = Release;
		};
		D711F51C2B7CC136008525C6 /* Build configuration list for PBXNativeTarget "SampleMapApp" */ = {
			isa = XCConfigurationList;
			buildConfigurations = (
				D711F51D2B7CC136008525C6 /* Debug */,
				D711F51E2B7CC136008525C6 /* Release */,
			);
			defaultConfigurationIsVisible = 0;
			defaultConfigurationName = Release;
		};
/* End XCConfigurationList section */
	};
	rootObject = D711F5002B7CC134008525C6 /* Project object */;
}
